
Microsoft Visual Studio Solution File, Format Version 12.00
# Visual Studio Version 16
VisualStudioVersion = 16.0.32228.343
MinimumVisualStudioVersion = 10.0.40219.1
Project("{FAE04EC0-301F-11D3-BF4B-00C04F79EFBC}") = "DisconnectedEnvironmentt", "DisconnectedEnvironmentt\DisconnectedEnvironmentt.csproj", "{6300433A-920F-4C97-B168-384AC76FE914}"
EndProject
Global
	GlobalSection(SolutionConfigurationPlatforms) = preSolution
		Debug|Any CPU = Debug|Any CPU
		Release|Any CPU = Release|Any CPU
	EndGlobalSection
	GlobalSection(ProjectConfigurationPlatforms) = postSolution
		{6300433A-920F-4C97-B168-384AC76FE914}.Debug|Any CPU.ActiveCfg = Debug|Any CPU
		{6300433A-920F-4C97-B168-384AC76FE914}.Debug|Any CPU.Build.0 = Debug|Any CPU
		{6300433A-920F-4C97-B168-384AC76FE914}.Release|Any CPU.ActiveCfg = Release|Any CPU
		{6300433A-920F-4C97-B168-384AC76FE914}.Release|Any CPU.Build.0 = Release|Any CPU
	EndGlobalSection
	GlobalSection(SolutionProperties) = preSolution
		HideSolutionNode = FALSE
	EndGlobalSection
	GlobalSection(ExtensibilityGlobals) = postSolution
		SolutionGuid = {3263ED6A-5F22-429B-9A0C-A2815A78CF3D}
	EndGlobalSection
EndGlobal
